github.com/dsurush/arm-core v0.0.0-20200208073546-ffe2ff559d77 h1:07MyDnC7xKFN4V3+7FuzvWcHVsQbftrPRqayhYlkKdQ=
github.com/dsurush/arm-core v0.0.0-20200208073546-ffe2ff559d77/go.mod h1:7EPkdBFIvKw+5w8YCL8ZUvJ5AjcPiaKLN/FVNppWM04=
github.com/dsurush/arm-core v0.0.0-20200208122107-c63e860da2a4 h1:hx11Rh8DKzJ6rrPQoaSZHzHcDw2hJrIEjrTGf40ZNtk=
github.com/dsurush/arm-core v0.0.0-20200208122107-c63e860da2a4/go.mod h1:7EPkdBFIvKw+5w8YCL8ZUvJ5AjcPiaKLN/FVNppWM04=
github.com/dsurush/arm-core v0.0.0-20200208130429-9087dfc9aa08 h1:UPEmr3NYzNWBGQ3LH2N36RHOpmCXTGgFOVDzpKJeJno=
github.com/dsurush/arm-core v0.0.0-20200208130429-9087dfc9aa08/go.mod h1:7EPkdBFIvKw+5w8YCL8ZUvJ5AjcPiaKLN/FVNppWM04=
github.com/dsurush/arm-core v0.0.0-20200208131844-d2b1d255a225 h1:8MlYSCSj1mwyBnkpImj5CA3EUzmyIt4HqtW0UPFn8FQ=
github.com/dsurush/arm-core v0.0.0-20200208131844-d2b1d255a225/go.mod h1:7EPkdBFIvKw+5w8YCL8ZUvJ5AjcPiaKLN/FVNppWM04=
github.com/dsurush/arm-core v0.0.0-20200209045409-15a57392be47 h1:WKBGGsPWT+fTMr7bvJTwYb7tsRqXAuxLJGVed41ukrE=
github.com/dsurush/arm-core v0.0.0-20200209045409-15a57392be47/go.mod h1:7EPkdBFIvKw+5w8YCL8ZUvJ5AjcPiaKLN/FVNppWM04=
github.com/dsurush/arm-core v0.0.0-20200209053631-01662d3703fe h1:ZWf+l05LJgDwQeePw/WH9UzOKhgEcNFeyuWc30I3wmQ=
github.com/dsurush/arm-core v0.0.0-20200209053631-01662d3703fe/go.mod h1:7EPkdBFIvKw+5w8YCL8ZUvJ5AjcPiaKLN/FVNppWM04=
github.com/dsurush/arm-core v0.0.0-20200209082139-46c8ab285602 h1:4LTjCyIZDbmmC/QQQN1ICuegnEtOu51GxxfqBA6z0D0=
github.com/dsurush/arm-core v0.0.0-20200209082139-46c8ab285602/go.mod h1:7EPkdBFIvKw+5w8YCL8ZUvJ5AjcPiaKLN/FVNppWM04=
github.com/dsurush/arm-core v0.0.0-20200209083009-172c2a8d7ec2 h1:Kh2PWw7AX9DTFVvQQUChWq+v+1/D4vDTaykMlg+8lGc=
github.com/dsurush/arm-core v0.0.0-20200209083009-172c2a8d7ec2/go.mod h1:7EPkdBFIvKw+5w8YCL8ZUvJ5AjcPiaKLN/FVNppWM04=
github.com/dsurush/arm-core v0.0.0-20200209093557-5ddd65cb73c2 h1:amY/okVG50W3ga5PnR6ryroLsfwfVRNUy54k8iyjQgg=
github.com/dsurush/arm-core v0.0.0-20200209093557-5ddd65cb73c2/go.mod h1:7EPkdBFIvKw+5w8YCL8ZUvJ5AjcPiaKLN/FVNppWM04=
github.com/mattn/go-sqlite3 v2.0.3+incompatible h1:gXHsfypPkaMZrKbD5209QV9jbUTJKjyR5WD3HYQSd+U=
github.com/mattn/go-sqlite3 v2.0.3+incompatible/go.mod h1:FPy6KqzDD04eiIsT53CuJW3U88zkxoIYsOqkbpncsNc=
